{
  "name": "automod-filters",
  "lockfileVersion": 3,
  "requires": true,
  "packages": {
    "": {
      "dependencies": {
        "@avatarkage/automod": "^0.1.1",
        "@avatarkage1052/auto-mod": "^0.1.0",
        "@avatarkage1052/automod": "^0.1.1"
      }
    },
    "node_modules/@avatarkage/automod": {
      "version": "0.1.1",
      "resolved": "https://registry.npmjs.org/@avatarkage/automod/-/automod-0.1.1.tgz",
      "integrity": "sha512-U0QpVtJkUQGFY0jiT0rF3SixSFxsouILlJRnZDW89SR+cZen2MXkme9PNY3dT5qVhWnD4NXEZyxB6aNaLWqVqw=="
    },
    "node_modules/@avatarkage1052/auto-mod": {
      "version": "0.1.0",
      "resolved": "https://registry.npmjs.org/@avatarkage1052/auto-mod/-/auto-mod-0.1.0.tgz",
      "integrity": "sha512-esA3faRxBaGPjVpsWSVSi8U4P5+29OKqwLWkDMdtDDbLDD+YtWC/Ra5e6r1TbB3sfldSn9rhd5LGUJyya86VRg=="
    },
    "node_modules/@avatarkage1052/automod": {
      "version": "0.1.1",
      "resolved": "https://registry.npmjs.org/@avatarkage1052/automod/-/automod-0.1.1.tgz",
      "integrity": "sha512-qITG4V2uuMI59LjCyAb4Qs9mx/frvzIbwY/vlkQk9hagr37culTRiZYo0BLOfk76l+SGRsD4park6YnvUWY42A=="
    }
  }
}
